
Microsoft Visual Studio Solution File, Format Version 12.00
# Visual Studio Version 17
VisualStudioVersion = 17.4.32916.344
MinimumVisualStudioVersion = 10.0.40219.1
Project("{9A19103F-16F7-4668-BE54-9A1E7A4F7556}") = "SingerUtils", "SingerUtils\SingerUtils.csproj", "{5EB3ABB8-ECF7-4CC0-821E-3D1A10C3CF09}"
EndProject
Project("{9A19103F-16F7-4668-BE54-9A1E7A4F7556}") = "SingerUtils.Core", "SingerUtils.Core\SingerUtils.Core.csproj", "{57B9E0CF-9BCE-4C97-A159-08E7E9EA035E}"
EndProject
Global
	GlobalSection(SolutionConfigurationPlatforms) = preSolution
		Debug|Any CPU = Debug|Any CPU
		Release|Any CPU = Release|Any CPU
	EndGlobalSection
	GlobalSection(ProjectConfigurationPlatforms) = postSolution
		{5EB3ABB8-ECF7-4CC0-821E-3D1A10C3CF09}.Debug|Any CPU.ActiveCfg = Debug|Any CPU
		{5EB3ABB8-ECF7-4CC0-821E-3D1A10C3CF09}.Debug|Any CPU.Build.0 = Debug|Any CPU
		{5EB3ABB8-ECF7-4CC0-821E-3D1A10C3CF09}.Release|Any CPU.ActiveCfg = Release|Any CPU
		{5EB3ABB8-ECF7-4CC0-821E-3D1A10C3CF09}.Release|Any CPU.Build.0 = Release|Any CPU
		{57B9E0CF-9BCE-4C97-A159-08E7E9EA035E}.Debug|Any CPU.ActiveCfg = Debug|Any CPU
		{57B9E0CF-9BCE-4C97-A159-08E7E9EA035E}.Debug|Any CPU.Build.0 = Debug|Any CPU
		{57B9E0CF-9BCE-4C97-A159-08E7E9EA035E}.Release|Any CPU.ActiveCfg = Release|Any CPU
		{57B9E0CF-9BCE-4C97-A159-08E7E9EA035E}.Release|Any CPU.Build.0 = Release|Any CPU
	EndGlobalSection
	GlobalSection(SolutionProperties) = preSolution
		HideSolutionNode = FALSE
	EndGlobalSection
	GlobalSection(ExtensibilityGlobals) = postSolution
		SolutionGuid = {A08BCB7A-BABA-4472-87FB-E0932BED8471}
	EndGlobalSection
EndGlobal
